
Microsoft Visual Studio Solution File, Format Version 12.00
# Visual Studio Version 17
VisualStudioVersion = 17.3.32901.215
MinimumVisualStudioVersion = 10.0.40219.1
Project("{8BC9CEB8-8B4A-11D0-8D11-00A0C91BC942}") = "homework_2.7.2", "homework_2.7.2.vcxproj", "{A265F989-5463-48C9-B278-E2C53B73ACED}"
EndProject
Global
	GlobalSection(SolutionConfigurationPlatforms) = preSolution
		Debug|x64 = Debug|x64
		Debug|x86 = Debug|x86
		Release|x64 = Release|x64
		Release|x86 = Release|x86
	EndGlobalSection
	GlobalSection(ProjectConfigurationPlatforms) = postSolution
		{A265F989-5463-48C9-B278-E2C53B73ACED}.Debug|x64.ActiveCfg = Debug|x64
		{A265F989-5463-48C9-B278-E2C53B73ACED}.Debug|x64.Build.0 = Debug|x64
		{A265F989-5463-48C9-B278-E2C53B73ACED}.Debug|x86.ActiveCfg = Debug|Win32
		{A265F989-5463-48C9-B278-E2C53B73ACED}.Debug|x86.Build.0 = Debug|Win32
		{A265F989-5463-48C9-B278-E2C53B73ACED}.Release|x64.ActiveCfg = Release|x64
		{A265F989-5463-48C9-B278-E2C53B73ACED}.Release|x64.Build.0 = Release|x64
		{A265F989-5463-48C9-B278-E2C53B73ACED}.Release|x86.ActiveCfg = Release|Win32
		{A265F989-5463-48C9-B278-E2C53B73ACED}.Release|x86.Build.0 = Release|Win32
	EndGlobalSection
	GlobalSection(SolutionProperties) = preSolution
		HideSolutionNode = FALSE
	EndGlobalSection
	GlobalSection(ExtensibilityGlobals) = postSolution
		SolutionGuid = {72703196-FE62-4F73-A2C9-58BC813C317F}
	EndGlobalSection
EndGlobal
